
Microsoft Visual Studio Solution File, Format Version 12.00
# Visual Studio Version 17
VisualStudioVersion = 17.4.33122.133
MinimumVisualStudioVersion = 10.0.40219.1
Project("{9A19103F-16F7-4668-BE54-9A1E7A4F7556}") = "Hybridizer.Runtime.CUDAImports", "Hybridizer.Runtime.CUDAImports.csproj", "{5A67D03A-32B1-453C-962A-74C578BC02F1}"
EndProject
Global
	GlobalSection(SolutionConfigurationPlatforms) = preSolution
		Debug_BasicVersion|Any CPU = Debug_BasicVersion|Any CPU
		Debug_BasicVersion|x64 = Debug_BasicVersion|x64
		Debug_NoHybrid|Any CPU = Debug_NoHybrid|Any CPU
		Debug_NoHybrid|x64 = Debug_NoHybrid|x64
		Debug|Any CPU = Debug|Any CPU
		Debug|x64 = Debug|x64
		Release_BasicCPU|Any CPU = Release_BasicCPU|Any CPU
		Release_BasicCPU|x64 = Release_BasicCPU|x64
		Release_BasicVersion|Any CPU = Release_BasicVersion|Any CPU
		Release_BasicVersion|x64 = Release_BasicVersion|x64
		Release_NoHybrid|Any CPU = Release_NoHybrid|Any CPU
		Release_NoHybrid|x64 = Release_NoHybrid|x64
		Release|Any CPU = Release|Any CPU
		Release|x64 = Release|x64
		Sources|Any CPU = Sources|Any CPU
		Sources|x64 = Sources|x64
	EndGlobalSection
	GlobalSection(ProjectConfigurationPlatforms) = postSolution
		{5A67D03A-32B1-453C-962A-74C578BC02F1}.Debug_BasicVersion|Any CPU.ActiveCfg = Debug_BasicVersion|Any CPU
		{5A67D03A-32B1-453C-962A-74C578BC02F1}.Debug_BasicVersion|Any CPU.Build.0 = Debug_BasicVersion|Any CPU
		{5A67D03A-32B1-453C-962A-74C578BC02F1}.Debug_BasicVersion|x64.ActiveCfg = Debug|Any CPU
		{5A67D03A-32B1-453C-962A-74C578BC02F1}.Debug_BasicVersion|x64.Build.0 = Debug|Any CPU
		{5A67D03A-32B1-453C-962A-74C578BC02F1}.Debug_NoHybrid|Any CPU.ActiveCfg = Debug_NoHybrid|Any CPU
		{5A67D03A-32B1-453C-962A-74C578BC02F1}.Debug_NoHybrid|Any CPU.Build.0 = Debug_NoHybrid|Any CPU
		{5A67D03A-32B1-453C-962A-74C578BC02F1}.Debug_NoHybrid|x64.ActiveCfg = Debug_NoHybrid|x64
		{5A67D03A-32B1-453C-962A-74C578BC02F1}.Debug_NoHybrid|x64.Build.0 = Debug_NoHybrid|x64
		{5A67D03A-32B1-453C-962A-74C578BC02F1}.Debug|Any CPU.ActiveCfg = Debug|Any CPU
		{5A67D03A-32B1-453C-962A-74C578BC02F1}.Debug|Any CPU.Build.0 = Debug|Any CPU
		{5A67D03A-32B1-453C-962A-74C578BC02F1}.Debug|x64.ActiveCfg = Debug|Any CPU
		{5A67D03A-32B1-453C-962A-74C578BC02F1}.Debug|x64.Build.0 = Debug|Any CPU
		{5A67D03A-32B1-453C-962A-74C578BC02F1}.Release_BasicCPU|Any CPU.ActiveCfg = Release_BasicCPU|Any CPU
		{5A67D03A-32B1-453C-962A-74C578BC02F1}.Release_BasicCPU|Any CPU.Build.0 = Release_BasicCPU|Any CPU
		{5A67D03A-32B1-453C-962A-74C578BC02F1}.Release_BasicCPU|x64.ActiveCfg = Release_BasicCPU|x64
		{5A67D03A-32B1-453C-962A-74C578BC02F1}.Release_BasicCPU|x64.Build.0 = Release_BasicCPU|x64
		{5A67D03A-32B1-453C-962A-74C578BC02F1}.Release_BasicVersion|Any CPU.ActiveCfg = Debug|Any CPU
		{5A67D03A-32B1-453C-962A-74C578BC02F1}.Release_BasicVersion|Any CPU.Build.0 = Debug|Any CPU
		{5A67D03A-32B1-453C-962A-74C578BC02F1}.Release_BasicVersion|x64.ActiveCfg = Debug|Any CPU
		{5A67D03A-32B1-453C-962A-74C578BC02F1}.Release_BasicVersion|x64.Build.0 = Debug|Any CPU
		{5A67D03A-32B1-453C-962A-74C578BC02F1}.Release_NoHybrid|Any CPU.ActiveCfg = Release_NoHybrid|Any CPU
		{5A67D03A-32B1-453C-962A-74C578BC02F1}.Release_NoHybrid|Any CPU.Build.0 = Release_NoHybrid|Any CPU
		{5A67D03A-32B1-453C-962A-74C578BC02F1}.Release_NoHybrid|x64.ActiveCfg = Release_NoHybrid|x64
		{5A67D03A-32B1-453C-962A-74C578BC02F1}.Release_NoHybrid|x64.Build.0 = Release_NoHybrid|x64
		{5A67D03A-32B1-453C-962A-74C578BC02F1}.Release|Any CPU.ActiveCfg = Release|Any CPU
		{5A67D03A-32B1-453C-962A-74C578BC02F1}.Release|Any CPU.Build.0 = Release|Any CPU
		{5A67D03A-32B1-453C-962A-74C578BC02F1}.Release|x64.ActiveCfg = Release|Any CPU
		{5A67D03A-32B1-453C-962A-74C578BC02F1}.Release|x64.Build.0 = Release|Any CPU
		{5A67D03A-32B1-453C-962A-74C578BC02F1}.Sources|Any CPU.ActiveCfg = Sources|Any CPU
		{5A67D03A-32B1-453C-962A-74C578BC02F1}.Sources|Any CPU.Build.0 = Sources|Any CPU
		{5A67D03A-32B1-453C-962A-74C578BC02F1}.Sources|x64.ActiveCfg = Sources|x64
		{5A67D03A-32B1-453C-962A-74C578BC02F1}.Sources|x64.Build.0 = Sources|x64
	EndGlobalSection
	GlobalSection(SolutionProperties) = preSolution
		HideSolutionNode = FALSE
	EndGlobalSection
	GlobalSection(ExtensibilityGlobals) = postSolution
		SolutionGuid = {46A2B709-53BE-4555-B941-4E7ED5C7E60B}
	EndGlobalSection
EndGlobal
